
Microsoft Visual Studio Solution File, Format Version 12.00
# Visual Studio Version 17
VisualStudioVersion = 17.14.36915.13 d17.14
MinimumVisualStudioVersion = 10.0.40219.1
Project("{8BC9CEB8-8B4A-11D0-8D11-00A0C91BC942}") = "pointeurs", "pointeurs\pointeurs.vcxproj", "{DED64809-4E1D-4226-BB18-A1ECC1774801}"
EndProject
Global
	GlobalSection(SolutionConfigurationPlatforms) = preSolution
		Debug|x64 = Debug|x64
		Debug|x86 = Debug|x86
		Release|x64 = Release|x64
		Release|x86 = Release|x86
	EndGlobalSection
	GlobalSection(ProjectConfigurationPlatforms) = postSolution
		{DED64809-4E1D-4226-BB18-A1ECC1774801}.Debug|x64.ActiveCfg = Debug|x64
		{DED64809-4E1D-4226-BB18-A1ECC1774801}.Debug|x64.Build.0 = Debug|x64
		{DED64809-4E1D-4226-BB18-A1ECC1774801}.Debug|x86.ActiveCfg = Debug|Win32
		{DED64809-4E1D-4226-BB18-A1ECC1774801}.Debug|x86.Build.0 = Debug|Win32
		{DED64809-4E1D-4226-BB18-A1ECC1774801}.Release|x64.ActiveCfg = Release|x64
		{DED64809-4E1D-4226-BB18-A1ECC1774801}.Release|x64.Build.0 = Release|x64
		{DED64809-4E1D-4226-BB18-A1ECC1774801}.Release|x86.ActiveCfg = Release|Win32
		{DED64809-4E1D-4226-BB18-A1ECC1774801}.Release|x86.Build.0 = Release|Win32
	EndGlobalSection
	GlobalSection(SolutionProperties) = preSolution
		HideSolutionNode = FALSE
	EndGlobalSection
	GlobalSection(ExtensibilityGlobals) = postSolution
		SolutionGuid = {5A0ACD99-7A18-4AD0-8B04-67F46308EB70}
	EndGlobalSection
EndGlobal
